
Microsoft Visual Studio Solution File, Format Version 12.00
# Visual Studio Version 17
VisualStudioVersion = 17.14.36616.10 d17.14
MinimumVisualStudioVersion = 10.0.40219.1
Project("{FAE04EC0-301F-11D3-BF4B-00C04F79EFBC}") = "LabRegistroAuth", "LabRegistroAuth.csproj", "{BC117C75-C2A3-4408-A8E8-DE044C4A4BEF}"
EndProject
Global
	GlobalSection(SolutionConfigurationPlatforms) = preSolution
		Debug|Any CPU = Debug|Any CPU
		Release|Any CPU = Release|Any CPU
	EndGlobalSection
	GlobalSection(ProjectConfigurationPlatforms) = postSolution
		{BC117C75-C2A3-4408-A8E8-DE044C4A4BEF}.Debug|Any CPU.ActiveCfg = Debug|Any CPU
		{BC117C75-C2A3-4408-A8E8-DE044C4A4BEF}.Debug|Any CPU.Build.0 = Debug|Any CPU
		{BC117C75-C2A3-4408-A8E8-DE044C4A4BEF}.Release|Any CPU.ActiveCfg = Release|Any CPU
		{BC117C75-C2A3-4408-A8E8-DE044C4A4BEF}.Release|Any CPU.Build.0 = Release|Any CPU
	EndGlobalSection
	GlobalSection(SolutionProperties) = preSolution
		HideSolutionNode = FALSE
	EndGlobalSection
	GlobalSection(ExtensibilityGlobals) = postSolution
		SolutionGuid = {3EDFB287-A0AB-4130-8C72-DF8423F52701}
	EndGlobalSection
EndGlobal
